{
  "nodes": {
    "berbl": {
      "inputs": {
        "nixpkgs": "nixpkgs",
        "overlays": "overlays"
      },
      "locked": {
        "lastModified": 1647335115,
        "narHash": "sha256-z6X6y4r8/tR1na76jTEt1wpSYNC7OVWB811nxR81MD8=",
        "owner": "berbl-dev",
        "repo": "berbl",
        "rev": "c85950cd780480c799dc03521b0e8e364e6a0aa5",
        "type": "github"
      },
      "original": {
        "owner": "berbl-dev",
        "ref": "v0.1.0-beta",
        "repo": "berbl",
        "type": "github"
      }
    },
    "berbl-exp": {
      "inputs": {
        "berbl": "berbl",
        "xcsf": "xcsf"
      },
      "locked": {
        "lastModified": 1649780718,
        "narHash": "sha256-t5bAQ2hLfAfaaWNjutlUG63Jm9iHnMkQTPtPxlljCpk=",
        "owner": "berbl-dev",
        "repo": "berbl-exp",
        "rev": "31be6339483a121608effcd7d803ab6fb1201e71",
        "type": "github"
      },
      "original": {
        "owner": "berbl-dev",
        "repo": "berbl-exp",
        "type": "github"
      }
    },
    "nixpkgs": {
      "locked": {
        "lastModified": 1642940213,
        "narHash": "sha256-LXGwfPrtbhix9IRUT2phtbJsur41lkTsrKcTcS0lzIc=",
        "owner": "NixOS",
        "repo": "nixpkgs",
        "rev": "8ca77a63599ed951d6a2d244c1d62092776a3fe1",
        "type": "github"
      },
      "original": {
        "owner": "NixOS",
        "repo": "nixpkgs",
        "rev": "8ca77a63599ed951d6a2d244c1d62092776a3fe1",
        "type": "github"
      }
    },
    "overlays": {
      "locked": {
        "lastModified": 1642861482,
        "narHash": "sha256-yubYKws/g4LReVEy/y7cpJjXs3JGRUttpR8hgjaPGxA=",
        "owner": "dpaetzel",
        "repo": "overlays",
        "rev": "d3e0907efa9d87394869047902fc00a4721972dd",
        "type": "github"
      },
      "original": {
        "owner": "dpaetzel",
        "repo": "overlays",
        "type": "github"
      }
    },
    "root": {
      "inputs": {
        "berbl-exp": "berbl-exp"
      }
    },
    "xcsf": {
      "inputs": {
        "nixpkgs": [
          "berbl-exp",
          "berbl",
          "nixpkgs"
        ]
      },
      "locked": {
        "lastModified": 1642757444,
        "narHash": "sha256-Uw1MagkipRKSRzjJeYUppX9vCIV/6GDGsogsAjXK0FA=",
        "ref": "unordered-bound-intervals",
        "rev": "c069d279b782f9e163ac05eb1400dd0f1a59aff7",
        "revCount": 2295,
        "submodules": true,
        "type": "git",
        "url": "https://github.com/dpaetzel/xcsf"
      },
      "original": {
        "ref": "unordered-bound-intervals",
        "submodules": true,
        "type": "git",
        "url": "https://github.com/dpaetzel/xcsf"
      }
    }
  },
  "root": "root",
  "version": 7
}
