{
  "nodes": {
    "berbl": {
      "inputs": {
        "nixpkgs": "nixpkgs",
        "overlays": "overlays"
      },
      "locked": {
        "narHash": "sha256-j7mxSkVvKEH2T8gR5NgLmtXfqb4aICOfRmMwS2txJ+w=",
        "path": "/home/david/Projekte/berbl/berbl",
        "type": "path"
      },
      "original": {
        "path": "/home/david/Projekte/berbl/berbl",
        "type": "path"
      }
    },
    "berbl-exp": {
      "inputs": {
        "berbl": "berbl",
        "nixpkgs": "nixpkgs_2",
        "overlays": "overlays_2",
        "xcsf": "xcsf"
      },
      "locked": {
        "narHash": "sha256-L0y8Y6MiYuTs1pP0PbHpcUPEERj0rD4xuDMO2K1b+5U=",
        "path": "/home/david/Projekte/berbl/berbl-exp",
        "type": "path"
      },
      "original": {
        "path": "/home/david/Projekte/berbl/berbl-exp",
        "type": "path"
      }
    },
    "nixpkgs": {
      "locked": {
        "lastModified": 1642940213,
        "narHash": "sha256-LXGwfPrtbhix9IRUT2phtbJsur41lkTsrKcTcS0lzIc=",
        "owner": "NixOS",
        "repo": "nixpkgs",
        "rev": "8ca77a63599ed951d6a2d244c1d62092776a3fe1",
        "type": "github"
      },
      "original": {
        "owner": "NixOS",
        "repo": "nixpkgs",
        "rev": "8ca77a63599ed951d6a2d244c1d62092776a3fe1",
        "type": "github"
      }
    },
    "nixpkgs_2": {
      "locked": {
        "lastModified": 1642940213,
        "narHash": "sha256-LXGwfPrtbhix9IRUT2phtbJsur41lkTsrKcTcS0lzIc=",
        "owner": "NixOS",
        "repo": "nixpkgs",
        "rev": "8ca77a63599ed951d6a2d244c1d62092776a3fe1",
        "type": "github"
      },
      "original": {
        "owner": "NixOS",
        "repo": "nixpkgs",
        "rev": "8ca77a63599ed951d6a2d244c1d62092776a3fe1",
        "type": "github"
      }
    },
    "nixpkgs_3": {
      "locked": {
        "lastModified": 1642635915,
        "narHash": "sha256-vabPA32j81xBO5m3+qXndWp5aqepe+vu96Wkd9UnngM=",
        "owner": "NixOS",
        "repo": "nixpkgs",
        "rev": "6d8215281b2f87a5af9ed7425a26ac575da0438f",
        "type": "github"
      },
      "original": {
        "owner": "NixOS",
        "ref": "nixos-unstable",
        "repo": "nixpkgs",
        "type": "github"
      }
    },
    "nixpkgs_4": {
      "locked": {
        "lastModified": 1642940213,
        "narHash": "sha256-LXGwfPrtbhix9IRUT2phtbJsur41lkTsrKcTcS0lzIc=",
        "owner": "NixOS",
        "repo": "nixpkgs",
        "rev": "8ca77a63599ed951d6a2d244c1d62092776a3fe1",
        "type": "github"
      },
      "original": {
        "owner": "NixOS",
        "repo": "nixpkgs",
        "rev": "8ca77a63599ed951d6a2d244c1d62092776a3fe1",
        "type": "github"
      }
    },
    "overlays": {
      "locked": {
        "lastModified": 1642861482,
        "narHash": "sha256-yubYKws/g4LReVEy/y7cpJjXs3JGRUttpR8hgjaPGxA=",
        "owner": "dpaetzel",
        "repo": "overlays",
        "rev": "d3e0907efa9d87394869047902fc00a4721972dd",
        "type": "github"
      },
      "original": {
        "owner": "dpaetzel",
        "repo": "overlays",
        "type": "github"
      }
    },
    "overlays_2": {
      "locked": {
        "lastModified": 1642861482,
        "narHash": "sha256-yubYKws/g4LReVEy/y7cpJjXs3JGRUttpR8hgjaPGxA=",
        "owner": "dpaetzel",
        "repo": "overlays",
        "rev": "d3e0907efa9d87394869047902fc00a4721972dd",
        "type": "github"
      },
      "original": {
        "owner": "dpaetzel",
        "repo": "overlays",
        "type": "github"
      }
    },
    "overlays_3": {
      "locked": {
        "lastModified": 1642861482,
        "narHash": "sha256-yubYKws/g4LReVEy/y7cpJjXs3JGRUttpR8hgjaPGxA=",
        "owner": "dpaetzel",
        "repo": "overlays",
        "rev": "d3e0907efa9d87394869047902fc00a4721972dd",
        "type": "github"
      },
      "original": {
        "owner": "dpaetzel",
        "repo": "overlays",
        "type": "github"
      }
    },
    "root": {
      "inputs": {
        "berbl-exp": "berbl-exp",
        "nixpkgs": "nixpkgs_4",
        "overlays": "overlays_3"
      }
    },
    "xcsf": {
      "inputs": {
        "nixpkgs": "nixpkgs_3"
      },
      "locked": {
        "lastModified": 1642757444,
        "narHash": "sha256-Uw1MagkipRKSRzjJeYUppX9vCIV/6GDGsogsAjXK0FA=",
        "ref": "unordered-bound-intervals",
        "rev": "c069d279b782f9e163ac05eb1400dd0f1a59aff7",
        "revCount": 2295,
        "submodules": true,
        "type": "git",
        "url": "https://github.com/dpaetzel/xcsf"
      },
      "original": {
        "ref": "unordered-bound-intervals",
        "submodules": true,
        "type": "git",
        "url": "https://github.com/dpaetzel/xcsf"
      }
    }
  },
  "root": "root",
  "version": 7
}
